<Solution>
  <Project Path="array_exercise/array_exercise.csproj" Id="78ed5d71-f6d7-4fcd-8e24-f559a54a4064" />
  <Project Path="array_exercise1/array_exercise1.csproj" Id="d3403042-82d8-40b0-a04b-8b9f0437609b" />
  <Project Path="C1/C1.csproj" Id="76681652-fcf4-4cf1-9b4f-5bc16109bf6a" />
  <Project Path="C2/C2.csproj" Id="3f0d7419-50e3-4cf7-a16b-45fa6a19dd8a" />
  <Project Path="ConsoleApp1/ConsoleApp1.csproj" Id="3cef2a61-99ad-450b-b803-ea9bfa4dcb8f" />
  <Project Path="ConsoleApp10/ConsoleApp10.csproj" Id="e7c82ba7-3f5e-4d39-be94-1fa4e16fc972" />
  <Project Path="ConsoleApp11/ConsoleApp11.csproj" Id="3ce7a1a6-eeb0-4c94-becb-e67288b02a12" />
  <Project Path="ConsoleApp12/ConsoleApp12.csproj" Id="4abdd4ff-abfc-4547-af17-69fc11764d14" />
  <Project Path="ConsoleApp2/ConsoleApp2.csproj" Id="7091ae43-1e8c-4f52-a1d7-eef895b2aed9" />
  <Project Path="ConsoleApp3/ConsoleApp3.csproj" Id="29927b4a-f747-4902-9574-40c2861ae821" />
  <Project Path="ConsoleApp4/ConsoleApp4.csproj" Id="bb7c2579-98d0-4f97-b81d-c93190368bd4" />
  <Project Path="ConsoleApp5/ConsoleApp5.csproj" Id="0ae94708-33a1-4f8f-96fd-73d70ff51128" />
  <Project Path="ConsoleApp6/ConsoleApp6.csproj" Id="587654c3-75fe-44cd-adf6-3231b6f4e21f" />
  <Project Path="ConsoleApp7/ConsoleApp7.csproj" Id="bcb70a0c-43df-4518-8ab3-37bdda33469d" />
  <Project Path="ConsoleApp8/ConsoleApp8.csproj" Id="3f20ab06-ece8-414f-9cc3-82ce711f32ec" />
  <Project Path="ConsoleApp9/ConsoleApp9.csproj" Id="737eb962-eb65-4bb3-9821-32b8bbb0b142" />
  <Project Path="custom_type_Dict/custom_type_Dict.csproj" Id="8be866df-b2b9-4733-b120-86b90b4e7873" />
  <Project Path="delegates_2/delegates_2.csproj" Id="e1ee40b6-3346-44fb-a59e-2d891f0a693d" />
  <Project Path="delegates_ex/delegates_ex.csproj" Id="72cd9150-867c-4ec8-b1b7-99e0efe3e738" />
  <Project Path="dict/dict.csproj" Id="6595818a-4f5b-41c5-9506-2764fd36a88e" />
  <Project Path="do-while-loop/do-while-loop.csproj" Id="07c8a497-3423-4c24-bfe7-9cb48adca70a" />
  <Project Path="Generic_class/Generic_class.csproj" Id="333b49d8-2709-4c09-8238-4505a9b2896e" />
  <Project Path="hash_and_sorted_list/hash_and_sorted_list.csproj" Id="463f55e4-a234-4201-b293-bc5099ce432d" />
  <Project Path="lists/lists.csproj" Id="cb18876e-73d2-44fc-8bce-4198ec4e7566" />
  <Project Path="namespace_example/namespace_example.csproj" Id="c6b823ff-f0a9-410b-98c2-baa77b28aa5e" />
  <Project Path="overriding_file/overriding_file.csproj" Id="8ac65f83-7d34-4b8b-9358-18a0d9b2d5c4" />
  <Project Path="own_delegate/own_delegate.csproj" Id="d9871d8c-617f-4657-b132-d42a02f1b535" />
  <Project Path="parameter_example/parameter_example.csproj" Id="82c8abb0-e682-490a-82e1-68cf0878f200" />
  <Project Path="parameter_second/parameter_second.csproj" Id="c3e48534-4b0a-4b13-b49b-18d99f82404c" />
  <Project Path="renameorremovefile/renameorremovefile.csproj" Id="1215a171-501f-4b82-a8f9-d849dc7ce5da" />
  <Project Path="stack_queue/stack_queue.csproj" Id="8710311e-1385-4bc1-bad3-9131ccd915ae" />
  <Project Path="StringManipulation/StringManipulation.csproj" Id="4352366b-6509-4c34-8de4-ff88f1eb1940" />
  <Project Path="string_practice_qn/string_practice_qn.csproj" Id="d5a835da-6893-41c8-af67-7d97fc4bd8e9" />
  <Project Path="switch_case_examples/switch_case_examples.csproj" Id="ca667211-1071-4bb6-a8f5-b87c6c50852b" />
  <Project Path="threading/threading.csproj" Id="f9fd3d46-56e6-4642-bce1-aca73e7c3304" />
  <Project Path="update/update.csproj" Id="0d86d002-9817-4d9f-975c-1cc5de5437b4" />
  <Project Path="writingtofile_multiple_Lines/writingtofile_multiple_Lines.csproj" Id="c11b1022-0d50-4dd9-b5b1-617e09563b1e" />
</Solution>
